
Microsoft Visual Studio Solution File, Format Version 12.00
# Visual Studio Version 17
VisualStudioVersion = 17.5.002.0
MinimumVisualStudioVersion = 10.0.40219.1
Project("{9A19103F-16F7-4668-BE54-9A1E7A4F7556}") = "C# tomfoolery", "C# tomfoolery.csproj", "{DA0D1CB8-3C97-40B6-8E12-0FE62C0A6DD5}"
EndProject
Global
	GlobalSection(SolutionConfigurationPlatforms) = preSolution
		Debug|Any CPU = Debug|Any CPU
		Release|Any CPU = Release|Any CPU
	EndGlobalSection
	GlobalSection(ProjectConfigurationPlatforms) = postSolution
		{DA0D1CB8-3C97-40B6-8E12-0FE62C0A6DD5}.Debug|Any CPU.ActiveCfg = Debug|Any CPU
		{DA0D1CB8-3C97-40B6-8E12-0FE62C0A6DD5}.Debug|Any CPU.Build.0 = Debug|Any CPU
		{DA0D1CB8-3C97-40B6-8E12-0FE62C0A6DD5}.Release|Any CPU.ActiveCfg = Release|Any CPU
		{DA0D1CB8-3C97-40B6-8E12-0FE62C0A6DD5}.Release|Any CPU.Build.0 = Release|Any CPU
	EndGlobalSection
	GlobalSection(SolutionProperties) = preSolution
		HideSolutionNode = FALSE
	EndGlobalSection
	GlobalSection(ExtensibilityGlobals) = postSolution
		SolutionGuid = {65555997-3B63-4219-A37E-00A76992ABA5}
	EndGlobalSection
EndGlobal
